
Microsoft Visual Studio Solution File, Format Version 12.00
# Visual Studio Version 17
VisualStudioVersion = 17.8.34309.116
MinimumVisualStudioVersion = 10.0.40219.1
Project("{FAE04EC0-301F-11D3-BF4B-00C04F79EFBC}") = "ProductStore", "ProductStore\ProductStore.csproj", "{96FB951F-B6BF-419A-996D-981E4BE2CB68}"
EndProject
Global
	GlobalSection(SolutionConfigurationPlatforms) = preSolution
		Debug|Any CPU = Debug|Any CPU
		Release|Any CPU = Release|Any CPU
	EndGlobalSection
	GlobalSection(ProjectConfigurationPlatforms) = postSolution
		{96FB951F-B6BF-419A-996D-981E4BE2CB68}.Debug|Any CPU.ActiveCfg = Debug|Any CPU
		{96FB951F-B6BF-419A-996D-981E4BE2CB68}.Debug|Any CPU.Build.0 = Debug|Any CPU
		{96FB951F-B6BF-419A-996D-981E4BE2CB68}.Release|Any CPU.ActiveCfg = Release|Any CPU
		{96FB951F-B6BF-419A-996D-981E4BE2CB68}.Release|Any CPU.Build.0 = Release|Any CPU
	EndGlobalSection
	GlobalSection(SolutionProperties) = preSolution
		HideSolutionNode = FALSE
	EndGlobalSection
	GlobalSection(ExtensibilityGlobals) = postSolution
		SolutionGuid = {0DD3061C-2528-401E-8BC8-72B51A43DEB6}
	EndGlobalSection
EndGlobal
